
Microsoft Visual Studio Solution File, Format Version 12.00
# Visual Studio Version 16
VisualStudioVersion = 16.0.31624.102
MinimumVisualStudioVersion = 10.0.40219.1
Project("{FAE04EC0-301F-11D3-BF4B-00C04F79EFBC}") = "CloudDatabasesAssignment", "CloudDatabasesAssignment\CloudDatabasesAssignment.csproj", "{EC4C833A-CE09-4AE6-9C00-372A28E1C45F}"
EndProject
Global
	GlobalSection(SolutionConfigurationPlatforms) = preSolution
		Debug|Any CPU = Debug|Any CPU
		Release|Any CPU = Release|Any CPU
	EndGlobalSection
	GlobalSection(ProjectConfigurationPlatforms) = postSolution
		{EC4C833A-CE09-4AE6-9C00-372A28E1C45F}.Debug|Any CPU.ActiveCfg = Debug|Any CPU
		{EC4C833A-CE09-4AE6-9C00-372A28E1C45F}.Debug|Any CPU.Build.0 = Debug|Any CPU
		{EC4C833A-CE09-4AE6-9C00-372A28E1C45F}.Release|Any CPU.ActiveCfg = Release|Any CPU
		{EC4C833A-CE09-4AE6-9C00-372A28E1C45F}.Release|Any CPU.Build.0 = Release|Any CPU
	EndGlobalSection
	GlobalSection(SolutionProperties) = preSolution
		HideSolutionNode = FALSE
	EndGlobalSection
	GlobalSection(ExtensibilityGlobals) = postSolution
		SolutionGuid = {185A540A-AFD7-4990-B719-158900E01DE7}
	EndGlobalSection
EndGlobal
